
Microsoft Visual Studio Solution File, Format Version 12.00
# Visual Studio 14
VisualStudioVersion = 14.0.25420.1
MinimumVisualStudioVersion = 10.0.40219.1
Project("{FAE04EC0-301F-11D3-BF4B-00C04F79EFBC}") = "ModFreeSwitch", "ModFreeSwitch\ModFreeSwitch.csproj", "{F61517BB-2AB9-439E-BEBB-4AE106E0E3D6}"
EndProject
Project("{FAE04EC0-301F-11D3-BF4B-00C04F79EFBC}") = "ModFreeSwitch.Test", "ModFreeSwitch.Test\ModFreeSwitch.Test.csproj", "{312240E4-6B88-49C6-9A36-EA9E092168DC}"
EndProject
Project("{FAE04EC0-301F-11D3-BF4B-00C04F79EFBC}") = "ModFreeSwitch.Console", "ModFreeSwitch.Console\ModFreeSwitch.Console.csproj", "{2AC65457-9318-486C-A0F3-3CB85AA690CB}"
EndProject
Global
	GlobalSection(SolutionConfigurationPlatforms) = preSolution
		Debug|Any CPU = Debug|Any CPU
		Release|Any CPU = Release|Any CPU
	EndGlobalSection
	GlobalSection(ProjectConfigurationPlatforms) = postSolution
		{F61517BB-2AB9-439E-BEBB-4AE106E0E3D6}.Debug|Any CPU.ActiveCfg = Debug|Any CPU
		{F61517BB-2AB9-439E-BEBB-4AE106E0E3D6}.Debug|Any CPU.Build.0 = Debug|Any CPU
		{F61517BB-2AB9-439E-BEBB-4AE106E0E3D6}.Release|Any CPU.ActiveCfg = Release|Any CPU
		{F61517BB-2AB9-439E-BEBB-4AE106E0E3D6}.Release|Any CPU.Build.0 = Release|Any CPU
		{312240E4-6B88-49C6-9A36-EA9E092168DC}.Debug|Any CPU.ActiveCfg = Debug|Any CPU
		{312240E4-6B88-49C6-9A36-EA9E092168DC}.Debug|Any CPU.Build.0 = Debug|Any CPU
		{312240E4-6B88-49C6-9A36-EA9E092168DC}.Release|Any CPU.ActiveCfg = Release|Any CPU
		{312240E4-6B88-49C6-9A36-EA9E092168DC}.Release|Any CPU.Build.0 = Release|Any CPU
		{2AC65457-9318-486C-A0F3-3CB85AA690CB}.Debug|Any CPU.ActiveCfg = Debug|Any CPU
		{2AC65457-9318-486C-A0F3-3CB85AA690CB}.Debug|Any CPU.Build.0 = Debug|Any CPU
		{2AC65457-9318-486C-A0F3-3CB85AA690CB}.Release|Any CPU.ActiveCfg = Release|Any CPU
		{2AC65457-9318-486C-A0F3-3CB85AA690CB}.Release|Any CPU.Build.0 = Release|Any CPU
	EndGlobalSection
	GlobalSection(SolutionProperties) = preSolution
		HideSolutionNode = FALSE
	EndGlobalSection
EndGlobal
